{
  "nodes": {
    "flake-compat": {
      "flake": false,
      "locked": {
        "lastModified": 1767039857,
        "narHash": "sha256-vNpUSpF5Nuw8xvDLj2KCwwksIbjua2LZCqhV1LNRDns=",
        "owner": "edolstra",
        "repo": "flake-compat",
        "rev": "5edf11c44bc78a0d334f6334cdaf7d60d732daab",
        "type": "github"
      },
      "original": {
        "owner": "edolstra",
        "repo": "flake-compat",
        "type": "github"
      }
    },
    "flake-parts": {
      "inputs": {
        "nixpkgs-lib": [
          "nur",
          "nixpkgs"
        ]
      },
      "locked": {
        "lastModified": 1733312601,
        "narHash": "sha256-4pDvzqnegAfRkPwO3wmwBhVi/Sye1mzps0zHWYnP88c=",
        "owner": "hercules-ci",
        "repo": "flake-parts",
        "rev": "205b12d8b7cd4802fbcb8e8ef6a0f1408781a4f9",
        "type": "github"
      },
      "original": {
        "owner": "hercules-ci",
        "repo": "flake-parts",
        "type": "github"
      }
    },
    "nixos-wsl": {
      "inputs": {
        "flake-compat": "flake-compat",
        "nixpkgs": [
          "nixpkgs"
        ]
      },
      "locked": {
        "lastModified": 1774972752,
        "narHash": "sha256-DnLIpFxznohpLkIFs390uZ0gxwkVyhtknhKNu+lQJK8=",
        "owner": "nix-community",
        "repo": "NixOS-WSL",
        "rev": "d97e078f4788cddb8d11c3c99f72a4bb9ddec221",
        "type": "github"
      },
      "original": {
        "owner": "nix-community",
        "repo": "NixOS-WSL",
        "type": "github"
      }
    },
    "nixpkgs": {
      "locked": {
        "lastModified": 1775423009,
        "narHash": "sha256-vPKLpjhIVWdDrfiUM8atW6YkIggCEKdSAlJPzzhkQlw=",
        "owner": "NixOS",
        "repo": "nixpkgs",
        "rev": "68d8aa3d661f0e6bd5862291b5bb263b2a6595c9",
        "type": "github"
      },
      "original": {
        "owner": "NixOS",
        "ref": "nixos-unstable",
        "repo": "nixpkgs",
        "type": "github"
      }
    },
    "nur": {
      "inputs": {
        "flake-parts": "flake-parts",
        "nixpkgs": [
          "nixpkgs"
        ]
      },
      "locked": {
        "lastModified": 1775536518,
        "narHash": "sha256-biJ9jPZLK8FCe6xV3QMCm1eKEhI5uNzY4WwgHIRow9g=",
        "owner": "nix-community",
        "repo": "NUR",
        "rev": "08fe89c3c73f4a64362a7905f18e3c70c2e0c183",
        "type": "github"
      },
      "original": {
        "owner": "nix-community",
        "repo": "NUR",
        "type": "github"
      }
    },
    "nur-miyakomeow": {
      "inputs": {
        "nixpkgs": [
          "nixpkgs"
        ]
      },
      "locked": {
        "lastModified": 1775452282,
        "narHash": "sha256-43x/D4WRrHz8ugkOswWE4t+vZ+0C1bDSTD5WRLENgTE=",
        "owner": "MiyakoMeow",
        "repo": "nur-packages",
        "rev": "02c344869fc1e21a990a7e6d84fe41a1164290b1",
        "type": "github"
      },
      "original": {
        "owner": "MiyakoMeow",
        "repo": "nur-packages",
        "type": "github"
      }
    },
    "root": {
      "inputs": {
        "nixos-wsl": "nixos-wsl",
        "nixpkgs": "nixpkgs",
        "nur": "nur",
        "nur-miyakomeow": "nur-miyakomeow"
      }
    }
  },
  "root": "root",
  "version": 7
}
